{
  "name": "atomico-base",
  "version": "0.0.0",
  "lockfileVersion": 2,
  "requires": true,
  "packages": {
    "": {
      "name": "atomico-base",
      "version": "0.0.0",
      "dependencies": {
        "atomico": "^1.12.3"
      },
      "devDependencies": {
        "@devserver/cli": "^0.12.3"
      }
    },
    "node_modules/@devserver/build-core": {
      "version": "0.12.3",
      "resolved": "https://registry.npmjs.org/@devserver/build-core/-/build-core-0.12.3.tgz",
      "integrity": "sha512-e5ELS3G4AjQsFBXG6rHAGtAtbSJnxjcIyAdO/31hk1I+3BXBET8rmzQIram1g7Lt/GEQwCuCW3p4pYV+HTcr5g==",
      "dev": true
    },
    "node_modules/@devserver/cli": {
      "version": "0.12.3",
      "resolved": "https://registry.npmjs.org/@devserver/cli/-/cli-0.12.3.tgz",
      "integrity": "sha512-RXmkprm6UpTOP/xplNDEAU/JftPbPHTQM2PIlcJAuJdQAvOiZ5f2e8KoNe3zJB51GpP73aNi+ZaRsi+s9YheBg==",
      "dev": true,
      "dependencies": {
        "@devserver/build-core": "0.12.3",
        "@devserver/replace-import": "0.12.3",
        "@devserver/resolve": "0.12.3",
        "@devserver/transform-js": "0.12.3"
      },
      "bin": {
        "devserver": "cli.cjs"
      }
    },
    "node_modules/@devserver/package-exports": {
      "version": "0.12.3",
      "resolved": "https://registry.npmjs.org/@devserver/package-exports/-/package-exports-0.12.3.tgz",
      "integrity": "sha512-x/iNSVnTgof8PhGgJ/OEFVZ4R1+R8QNhdsMYV+PVHzd3cmK+Rw0qREKVmVnKI3udXvWH11/rNxW4kbTsz/naEA==",
      "dev": true
    },
    "node_modules/@devserver/replace-import": {
      "version": "0.12.3",
      "resolved": "https://registry.npmjs.org/@devserver/replace-import/-/replace-import-0.12.3.tgz",
      "integrity": "sha512-g8yE38iGJ/DOZtLwJ1szFsnnVuxHKMMs4VnRyRf3f2yDjWemTSTGaPs9sgU3m8XWGtMphPmidfNEfPev9UkETw==",
      "dev": true
    },
    "node_modules/@devserver/resolve": {
      "version": "0.12.3",
      "resolved": "https://registry.npmjs.org/@devserver/resolve/-/resolve-0.12.3.tgz",
      "integrity": "sha512-oFj+hd8GeZr5Rhh4zMygY9dy0dgzLy6IqsCOLzS3rbDYFD5aNit6uuskEND9jklv/gAmaHmroGrk4Nw816yV5w==",
      "dev": true,
      "dependencies": {
        "@devserver/package-exports": "0.12.3"
      }
    },
    "node_modules/@devserver/transform-js": {
      "version": "0.12.3",
      "resolved": "https://registry.npmjs.org/@devserver/transform-js/-/transform-js-0.12.3.tgz",
      "integrity": "sha512-BlQYLC2SQi8zIXVlHyevZUmyCfZgrdpj83hsqN/WLAjATaTTyOGgJuWx+GEmz07UPgFJrS+8xh9YSqlkc95uGg==",
      "dev": true,
      "dependencies": {
        "@devserver/replace-import": "0.12.3"
      }
    },
    "node_modules/atomico": {
      "version": "1.12.3",
      "resolved": "https://registry.npmjs.org/atomico/-/atomico-1.12.3.tgz",
      "integrity": "sha512-Lcg2t8TvZ1m2fFPNAfZ6wfM5JP9c1SrxrBFEMOGrEVzKQ0+Oc8yAxKtKOC1K8H/fQYXXyIIotLp6POfyoK8Scw=="
    }
  },
  "dependencies": {
    "@devserver/build-core": {
      "version": "0.12.3",
      "resolved": "https://registry.npmjs.org/@devserver/build-core/-/build-core-0.12.3.tgz",
      "integrity": "sha512-e5ELS3G4AjQsFBXG6rHAGtAtbSJnxjcIyAdO/31hk1I+3BXBET8rmzQIram1g7Lt/GEQwCuCW3p4pYV+HTcr5g==",
      "dev": true
    },
    "@devserver/cli": {
      "version": "0.12.3",
      "resolved": "https://registry.npmjs.org/@devserver/cli/-/cli-0.12.3.tgz",
      "integrity": "sha512-RXmkprm6UpTOP/xplNDEAU/JftPbPHTQM2PIlcJAuJdQAvOiZ5f2e8KoNe3zJB51GpP73aNi+ZaRsi+s9YheBg==",
      "dev": true,
      "requires": {
        "@devserver/build-core": "0.12.3",
        "@devserver/replace-import": "0.12.3",
        "@devserver/resolve": "0.12.3",
        "@devserver/transform-js": "0.12.3"
      }
    },
    "@devserver/package-exports": {
      "version": "0.12.3",
      "resolved": "https://registry.npmjs.org/@devserver/package-exports/-/package-exports-0.12.3.tgz",
      "integrity": "sha512-x/iNSVnTgof8PhGgJ/OEFVZ4R1+R8QNhdsMYV+PVHzd3cmK+Rw0qREKVmVnKI3udXvWH11/rNxW4kbTsz/naEA==",
      "dev": true
    },
    "@devserver/replace-import": {
      "version": "0.12.3",
      "resolved": "https://registry.npmjs.org/@devserver/replace-import/-/replace-import-0.12.3.tgz",
      "integrity": "sha512-g8yE38iGJ/DOZtLwJ1szFsnnVuxHKMMs4VnRyRf3f2yDjWemTSTGaPs9sgU3m8XWGtMphPmidfNEfPev9UkETw==",
      "dev": true
    },
    "@devserver/resolve": {
      "version": "0.12.3",
      "resolved": "https://registry.npmjs.org/@devserver/resolve/-/resolve-0.12.3.tgz",
      "integrity": "sha512-oFj+hd8GeZr5Rhh4zMygY9dy0dgzLy6IqsCOLzS3rbDYFD5aNit6uuskEND9jklv/gAmaHmroGrk4Nw816yV5w==",
      "dev": true,
      "requires": {
        "@devserver/package-exports": "0.12.3"
      }
    },
    "@devserver/transform-js": {
      "version": "0.12.3",
      "resolved": "https://registry.npmjs.org/@devserver/transform-js/-/transform-js-0.12.3.tgz",
      "integrity": "sha512-BlQYLC2SQi8zIXVlHyevZUmyCfZgrdpj83hsqN/WLAjATaTTyOGgJuWx+GEmz07UPgFJrS+8xh9YSqlkc95uGg==",
      "dev": true,
      "requires": {
        "@devserver/replace-import": "0.12.3"
      }
    },
    "atomico": {
      "version": "1.12.3",
      "resolved": "https://registry.npmjs.org/atomico/-/atomico-1.12.3.tgz",
      "integrity": "sha512-Lcg2t8TvZ1m2fFPNAfZ6wfM5JP9c1SrxrBFEMOGrEVzKQ0+Oc8yAxKtKOC1K8H/fQYXXyIIotLp6POfyoK8Scw=="
    }
  }
}
