{
  "name": "atomico-base",
  "version": "0.0.0",
  "lockfileVersion": 2,
  "requires": true,
  "packages": {
    "": {
      "name": "atomico-base",
      "version": "0.0.0",
      "dependencies": {
        "atomico": "^1.12.3"
      },
      "devDependencies": {
        "@devserver/cli": "^0.15.2"
      }
    },
    "node_modules/@devserver/build-core": {
      "version": "0.15.2",
      "resolved": "https://registry.npmjs.org/@devserver/build-core/-/build-core-0.15.2.tgz",
      "integrity": "sha512-LujwsXJzcFb38wGGActqREWR6lNfPuN91rf2ZR+pPoZTGbTaYvSFpod2KeGjEhjM4rDoD1rBsU7XNFtbuT9TrQ==",
      "dev": true
    },
    "node_modules/@devserver/cli": {
      "version": "0.15.2",
      "resolved": "https://registry.npmjs.org/@devserver/cli/-/cli-0.15.2.tgz",
      "integrity": "sha512-DSnPXhhErdPJOJn6F/XW7TEJte6K9FizY8IA+SYL5xeZ2NitefHw3PkzE5bpb5yPMha8Q73pb/IBpQ83B5T+Ww==",
      "dev": true,
      "dependencies": {
        "@devserver/build-core": "0.15.2",
        "@devserver/replace-import": "0.15.2",
        "@devserver/resolve": "0.15.2",
        "@devserver/transform-js": "0.15.2"
      },
      "bin": {
        "devserver": "cli.cjs"
      }
    },
    "node_modules/@devserver/package-exports": {
      "version": "0.15.2",
      "resolved": "https://registry.npmjs.org/@devserver/package-exports/-/package-exports-0.15.2.tgz",
      "integrity": "sha512-4pz/vWdR0OuDledHtADuq1qmK4a039sgrMyt62U/RxnztefE/HF4LKty3l1lPfRKESBGfx53hQNG/vW/cx5J7A==",
      "dev": true
    },
    "node_modules/@devserver/replace-import": {
      "version": "0.15.2",
      "resolved": "https://registry.npmjs.org/@devserver/replace-import/-/replace-import-0.15.2.tgz",
      "integrity": "sha512-iHy1VzUI55qg0gfvoIjjsUmhoAdWn+fxSILFAsT5hL647AkmkBW+9BwF48283rfamB3JRevqHZdTaOwynQdSPg==",
      "dev": true
    },
    "node_modules/@devserver/resolve": {
      "version": "0.15.2",
      "resolved": "https://registry.npmjs.org/@devserver/resolve/-/resolve-0.15.2.tgz",
      "integrity": "sha512-3qN9OY9Xq9E2NGNJDdvSvXKLwNijTV8pLuZLG7Tt/MSKrij+zczLH1DhtniISYYpeIBWjlDuAxp9rlML3MA1rQ==",
      "dev": true,
      "dependencies": {
        "@devserver/package-exports": "0.15.2"
      }
    },
    "node_modules/@devserver/transform-js": {
      "version": "0.15.2",
      "resolved": "https://registry.npmjs.org/@devserver/transform-js/-/transform-js-0.15.2.tgz",
      "integrity": "sha512-PgxRXCi+PwxUd0y/B7p0dLGEJKScNO9gGDrFrViQB9K4mLTbOvanh+mf/hRkECjbUTSEtxx2c5iKNkpxmTLy1Q==",
      "dev": true,
      "dependencies": {
        "@devserver/replace-import": "0.15.2"
      }
    },
    "node_modules/atomico": {
      "version": "1.12.3",
      "resolved": "https://registry.npmjs.org/atomico/-/atomico-1.12.3.tgz",
      "integrity": "sha512-Lcg2t8TvZ1m2fFPNAfZ6wfM5JP9c1SrxrBFEMOGrEVzKQ0+Oc8yAxKtKOC1K8H/fQYXXyIIotLp6POfyoK8Scw=="
    }
  },
  "dependencies": {
    "@devserver/build-core": {
      "version": "0.15.2",
      "resolved": "https://registry.npmjs.org/@devserver/build-core/-/build-core-0.15.2.tgz",
      "integrity": "sha512-LujwsXJzcFb38wGGActqREWR6lNfPuN91rf2ZR+pPoZTGbTaYvSFpod2KeGjEhjM4rDoD1rBsU7XNFtbuT9TrQ==",
      "dev": true
    },
    "@devserver/cli": {
      "version": "0.15.2",
      "resolved": "https://registry.npmjs.org/@devserver/cli/-/cli-0.15.2.tgz",
      "integrity": "sha512-DSnPXhhErdPJOJn6F/XW7TEJte6K9FizY8IA+SYL5xeZ2NitefHw3PkzE5bpb5yPMha8Q73pb/IBpQ83B5T+Ww==",
      "dev": true,
      "requires": {
        "@devserver/build-core": "0.15.2",
        "@devserver/replace-import": "0.15.2",
        "@devserver/resolve": "0.15.2",
        "@devserver/transform-js": "0.15.2"
      }
    },
    "@devserver/package-exports": {
      "version": "0.15.2",
      "resolved": "https://registry.npmjs.org/@devserver/package-exports/-/package-exports-0.15.2.tgz",
      "integrity": "sha512-4pz/vWdR0OuDledHtADuq1qmK4a039sgrMyt62U/RxnztefE/HF4LKty3l1lPfRKESBGfx53hQNG/vW/cx5J7A==",
      "dev": true
    },
    "@devserver/replace-import": {
      "version": "0.15.2",
      "resolved": "https://registry.npmjs.org/@devserver/replace-import/-/replace-import-0.15.2.tgz",
      "integrity": "sha512-iHy1VzUI55qg0gfvoIjjsUmhoAdWn+fxSILFAsT5hL647AkmkBW+9BwF48283rfamB3JRevqHZdTaOwynQdSPg==",
      "dev": true
    },
    "@devserver/resolve": {
      "version": "0.15.2",
      "resolved": "https://registry.npmjs.org/@devserver/resolve/-/resolve-0.15.2.tgz",
      "integrity": "sha512-3qN9OY9Xq9E2NGNJDdvSvXKLwNijTV8pLuZLG7Tt/MSKrij+zczLH1DhtniISYYpeIBWjlDuAxp9rlML3MA1rQ==",
      "dev": true,
      "requires": {
        "@devserver/package-exports": "0.15.2"
      }
    },
    "@devserver/transform-js": {
      "version": "0.15.2",
      "resolved": "https://registry.npmjs.org/@devserver/transform-js/-/transform-js-0.15.2.tgz",
      "integrity": "sha512-PgxRXCi+PwxUd0y/B7p0dLGEJKScNO9gGDrFrViQB9K4mLTbOvanh+mf/hRkECjbUTSEtxx2c5iKNkpxmTLy1Q==",
      "dev": true,
      "requires": {
        "@devserver/replace-import": "0.15.2"
      }
    },
    "atomico": {
      "version": "1.12.3",
      "resolved": "https://registry.npmjs.org/atomico/-/atomico-1.12.3.tgz",
      "integrity": "sha512-Lcg2t8TvZ1m2fFPNAfZ6wfM5JP9c1SrxrBFEMOGrEVzKQ0+Oc8yAxKtKOC1K8H/fQYXXyIIotLp6POfyoK8Scw=="
    }
  }
}
